// !$*UTF8*$!
{
	archiveVersion = 1;
	classes = {
	};
	objectVersion = 46;
	objects = {

/* Begin PBXBuildFile section */
		C76635D51B472F8A00ABEBC9 /* TweetTableViewCell.swift in Sources */ = {isa = PBXBuildFile; fileRef = C76635D41B472F8A00ABEBC9 /* TweetTableViewCell.swift */; };
		C77FE53D1B46F2DD00F3F193 /* AppDelegate.swift in Sources */ = {isa = PBXBuildFile; fileRef = C77FE53C1B46F2DD00F3F193 /* AppDelegate.swift */; };
		C77FE5421B46F2DD00F3F193 /* Main.storyboard in Resources */ = {isa = PBXBuildFile; fileRef = C77FE5401B46F2DD00F3F193 /* Main.storyboard */; };
		C77FE5441B46F2DD00F3F193 /* Images.xcassets in Resources */ = {isa = PBXBuildFile; fileRef = C77FE5431B46F2DD00F3F193 /* Images.xcassets */; };
		C77FE5471B46F2DD00F3F193 /* LaunchScreen.xib in Resources */ = {isa = PBXBuildFile; fileRef = C77FE5451B46F2DD00F3F193 /* LaunchScreen.xib */; };
		C77FE5531B46F2DD00F3F193 /* SmashtagTests.swift in Sources */ = {isa = PBXBuildFile; fileRef = C77FE5521B46F2DD00F3F193 /* SmashtagTests.swift */; };
		C77FE55D1B46F45500F3F193 /* TweetTableViewController.swift in Sources */ = {isa = PBXBuildFile; fileRef = C77FE55C1B46F45500F3F193 /* TweetTableViewController.swift */; };
		C77FE5741B4700F900F3F193 /* MediaItem.swift in Sources */ = {isa = PBXBuildFile; fileRef = C77FE5701B4700F900F3F193 /* MediaItem.swift */; };
		C77FE5751B4700F900F3F193 /* Tweet.swift in Sources */ = {isa = PBXBuildFile; fileRef = C77FE5711B4700F900F3F193 /* Tweet.swift */; };
		C77FE5761B4700F900F3F193 /* TwitterRequest.swift in Sources */ = {isa = PBXBuildFile; fileRef = C77FE5721B4700F900F3F193 /* TwitterRequest.swift */; };
		C77FE5771B4700F900F3F193 /* User.swift in Sources */ = {isa = PBXBuildFile; fileRef = C77FE5731B4700F900F3F193 /* User.swift */; };
/* End PBXBuildFile section */

/* Begin PBXContainerItemProxy section */
		C77FE54D1B46F2DD00F3F193 /* PBXContainerItemProxy */ = {
			isa = PBXContainerItemProxy;
			containerPortal = C77FE52F1B46F2DD00F3F193 /* Project object */;
			proxyType = 1;
			remoteGlobalIDString = C77FE5361B46F2DD00F3F193;
			remoteInfo = Smashtag;
		};
/* End PBXContainerItemProxy section */

/* Begin PBXFileReference section */
		C76635D41B472F8A00ABEBC9 /* TweetTableViewCell.swift */ = {isa = PBXFileReference; fileEncoding = 4; lastKnownFileType = sourcecode.swift; path = TweetTableViewCell.swift; sourceTree = "<group>"; };
		C77FE5371B46F2DD00F3F193 /* Smashtag.app */ = {isa = PBXFileReference; explicitFileType = wrapper.application; includeInIndex = 0; path = Smashtag.app; sourceTree = BUILT_PRODUCTS_DIR; };
		C77FE53B1B46F2DD00F3F193 /* Info.plist */ = {isa = PBXFileReference; lastKnownFileType = text.plist.xml; path = Info.plist; sourceTree = "<group>"; };
		C77FE53C1B46F2DD00F3F193 /* AppDelegate.swift */ = {isa = PBXFileReference; lastKnownFileType = sourcecode.swift; path = AppDelegate.swift; sourceTree = "<group>"; };
		C77FE5411B46F2DD00F3F193 /* Base */ = {isa = PBXFileReference; lastKnownFileType = file.storyboard; name = Base; path = Base.lproj/Main.storyboard; sourceTree = "<group>"; };
		C77FE5431B46F2DD00F3F193 /* Images.xcassets */ = {isa = PBXFileReference; lastKnownFileType = folder.assetcatalog; path = Images.xcassets; sourceTree = "<group>"; };
		C77FE5461B46F2DD00F3F193 /* Base */ = {isa = PBXFileReference; lastKnownFileType = file.xib; name = Base; path = Base.lproj/LaunchScreen.xib; sourceTree = "<group>"; };
		C77FE54C1B46F2DD00F3F193 /* SmashtagTests.xctest */ = {isa = PBXFileReference; explicitFileType = wrapper.cfbundle; includeInIndex = 0; path = SmashtagTests.xctest; sourceTree = BUILT_PRODUCTS_DIR; };
		C77FE5511B46F2DD00F3F193 /* Info.plist */ = {isa = PBXFileReference; lastKnownFileType = text.plist.xml; path = Info.plist; sourceTree = "<group>"; };
		C77FE5521B46F2DD00F3F193 /* SmashtagTests.swift */ = {isa = PBXFileReference; lastKnownFileType = sourcecode.swift; path = SmashtagTests.swift; sourceTree = "<group>"; };
		C77FE55C1B46F45500F3F193 /* TweetTableViewController.swift */ = {isa = PBXFileReference; fileEncoding = 4; lastKnownFileType = sourcecode.swift; path = TweetTableViewController.swift; sourceTree = "<group>"; };
		C77FE5701B4700F900F3F193 /* MediaItem.swift */ = {isa = PBXFileReference; fileEncoding = 4; lastKnownFileType = sourcecode.swift; path = MediaItem.swift; sourceTree = "<group>"; };
		C77FE5711B4700F900F3F193 /* Tweet.swift */ = {isa = PBXFileReference; fileEncoding = 4; lastKnownFileType = sourcecode.swift; path = Tweet.swift; sourceTree = "<group>"; };
		C77FE5721B4700F900F3F193 /* TwitterRequest.swift */ = {isa = PBXFileReference; fileEncoding = 4; lastKnownFileType = sourcecode.swift; path = TwitterRequest.swift; sourceTree = "<group>"; };
		C77FE5731B4700F900F3F193 /* User.swift */ = {isa = PBXFileReference; fileEncoding = 4; lastKnownFileType = sourcecode.swift; path = User.swift; sourceTree = "<group>"; };
/* End PBXFileReference section */

/* Begin PBXFrameworksBuildPhase section */
		C77FE5341B46F2DD00F3F193 /* Frameworks */ = {
			isa = PBXFrameworksBuildPhase;
			buildActionMask = 2147483647;
			files = (
			);
			runOnlyForDeploymentPostprocessing = 0;
		};
		C77FE5491B46F2DD00F3F193 /* Frameworks */ = {
			isa = PBXFrameworksBuildPhase;
			buildActionMask = 2147483647;
			files = (
			);
			runOnlyForDeploymentPostprocessing = 0;
		};
/* End PBXFrameworksBuildPhase section */

/* Begin PBXGroup section */
		C77FE52E1B46F2DD00F3F193 = {
			isa = PBXGroup;
			children = (
				C77FE5391B46F2DD00F3F193 /* Smashtag */,
				C77FE54F1B46F2DD00F3F193 /* SmashtagTests */,
				C77FE5381B46F2DD00F3F193 /* Products */,
			);
			sourceTree = "<group>";
		};
		C77FE5381B46F2DD00F3F193 /* Products */ = {
			isa = PBXGroup;
			children = (
				C77FE5371B46F2DD00F3F193 /* Smashtag.app */,
				C77FE54C1B46F2DD00F3F193 /* SmashtagTests.xctest */,
			);
			name = Products;
			sourceTree = "<group>";
		};
		C77FE5391B46F2DD00F3F193 /* Smashtag */ = {
			isa = PBXGroup;
			children = (
				C77FE5401B46F2DD00F3F193 /* Main.storyboard */,
				C76635D41B472F8A00ABEBC9 /* TweetTableViewCell.swift */,
				C77FE55C1B46F45500F3F193 /* TweetTableViewController.swift */,
				C77FE5781B4700FD00F3F193 /* Tweet */,
				C77FE53A1B46F2DD00F3F193 /* Supporting Files */,
			);
			path = Smashtag;
			sourceTree = "<group>";
		};
		C77FE53A1B46F2DD00F3F193 /* Supporting Files */ = {
			isa = PBXGroup;
			children = (
				C77FE53C1B46F2DD00F3F193 /* AppDelegate.swift */,
				C77FE5431B46F2DD00F3F193 /* Images.xcassets */,
				C77FE5451B46F2DD00F3F193 /* LaunchScreen.xib */,
				C77FE53B1B46F2DD00F3F193 /* Info.plist */,
			);
			name = "Supporting Files";
			sourceTree = "<group>";
		};
		C77FE54F1B46F2DD00F3F193 /* SmashtagTests */ = {
			isa = PBXGroup;
			children = (
				C77FE5521B46F2DD00F3F193 /* SmashtagTests.swift */,
				C77FE5501B46F2DD00F3F193 /* Supporting Files */,
			);
			path = SmashtagTests;
			sourceTree = "<group>";
		};
		C77FE5501B46F2DD00F3F193 /* Supporting Files */ = {
			isa = PBXGroup;
			children = (
				C77FE5511B46F2DD00F3F193 /* Info.plist */,
			);
			name = "Supporting Files";
			sourceTree = "<group>";
		};
		C77FE5781B4700FD00F3F193 /* Tweet */ = {
			isa = PBXGroup;
			children = (
				C77FE5731B4700F900F3F193 /* User.swift */,
				C77FE5701B4700F900F3F193 /* MediaItem.swift */,
				C77FE5721B4700F900F3F193 /* TwitterRequest.swift */,
				C77FE5711B4700F900F3F193 /* Tweet.swift */,
			);
			name = Tweet;
			sourceTree = "<group>";
		};
/* End PBXGroup section */

/* Begin PBXNativeTarget section */
		C77FE5361B46F2DD00F3F193 /* Smashtag */ = {
			isa = PBXNativeTarget;
			buildConfigurationList = C77FE5561B46F2DD00F3F193 /* Build configuration list for PBXNativeTarget "Smashtag" */;
			buildPhases = (
				C77FE5331B46F2DD00F3F193 /* Sources */,
				C77FE5341B46F2DD00F3F193 /* Frameworks */,
				C77FE5351B46F2DD00F3F193 /* Resources */,
			);
			buildRules = (
			);
			dependencies = (
			);
			name = Smashtag;
			productName = Smashtag;
			productReference = C77FE5371B46F2DD00F3F193 /* Smashtag.app */;
			productType = "com.apple.product-type.application";
		};
		C77FE54B1B46F2DD00F3F193 /* SmashtagTests */ = {
			isa = PBXNativeTarget;
			buildConfigurationList = C77FE5591B46F2DD00F3F193 /* Build configuration list for PBXNativeTarget "SmashtagTests" */;
			buildPhases = (
				C77FE5481B46F2DD00F3F193 /* Sources */,
				C77FE5491B46F2DD00F3F193 /* Frameworks */,
				C77FE54A1B46F2DD00F3F193 /* Resources */,
			);
			buildRules = (
			);
			dependencies = (
				C77FE54E1B46F2DD00F3F193 /* PBXTargetDependency */,
			);
			name = SmashtagTests;
			productName = SmashtagTests;
			productReference = C77FE54C1B46F2DD00F3F193 /* SmashtagTests.xctest */;
			productType = "com.apple.product-type.bundle.unit-test";
		};
/* End PBXNativeTarget section */

/* Begin PBXProject section */
		C77FE52F1B46F2DD00F3F193 /* Project object */ = {
			isa = PBXProject;
			attributes = {
				LastUpgradeCheck = 0630;
				ORGANIZATIONNAME = SaulGausin;
				TargetAttributes = {
					C77FE5361B46F2DD00F3F193 = {
						CreatedOnToolsVersion = 6.3.2;
					};
					C77FE54B1B46F2DD00F3F193 = {
						CreatedOnToolsVersion = 6.3.2;
						TestTargetID = C77FE5361B46F2DD00F3F193;
					};
				};
			};
			buildConfigurationList = C77FE5321B46F2DD00F3F193 /* Build configuration list for PBXProject "Smashtag" */;
			compatibilityVersion = "Xcode 3.2";
			developmentRegion = English;
			hasScannedForEncodings = 0;
			knownRegions = (
				en,
				Base,
			);
			mainGroup = C77FE52E1B46F2DD00F3F193;
			productRefGroup = C77FE5381B46F2DD00F3F193 /* Products */;
			projectDirPath = "";
			projectRoot = "";
			targets = (
				C77FE5361B46F2DD00F3F193 /* Smashtag */,
				C77FE54B1B46F2DD00F3F193 /* SmashtagTests */,
			);
		};
/* End PBXProject section */

/* Begin PBXResourcesBuildPhase section */
		C77FE5351B46F2DD00F3F193 /* Resources */ = {
			isa = PBXResourcesBuildPhase;
			buildActionMask = 2147483647;
			files = (
				C77FE5421B46F2DD00F3F193 /* Main.storyboard in Resources */,
				C77FE5471B46F2DD00F3F193 /* LaunchScreen.xib in Resources */,
				C77FE5441B46F2DD00F3F193 /* Images.xcassets in Resources */,
			);
			runOnlyForDeploymentPostprocessing = 0;
		};
		C77FE54A1B46F2DD00F3F193 /* Resources */ = {
			isa = PBXResourcesBuildPhase;
			buildActionMask = 2147483647;
			files = (
			);
			runOnlyForDeploymentPostprocessing = 0;
		};
/* End PBXResourcesBuildPhase section */

/* Begin PBXSourcesBuildPhase section */
		C77FE5331B46F2DD00F3F193 /* Sources */ = {
			isa = PBXSourcesBuildPhase;
			buildActionMask = 2147483647;
			files = (
				C77FE53D1B46F2DD00F3F193 /* AppDelegate.swift in Sources */,
				C77FE5761B4700F900F3F193 /* TwitterRequest.swift in Sources */,
				C77FE5771B4700F900F3F193 /* User.swift in Sources */,
				C77FE55D1B46F45500F3F193 /* TweetTableViewController.swift in Sources */,
				C77FE5741B4700F900F3F193 /* MediaItem.swift in Sources */,
				C77FE5751B4700F900F3F193 /* Tweet.swift in Sources */,
				C76635D51B472F8A00ABEBC9 /* TweetTableViewCell.swift in Sources */,
			);
			runOnlyForDeploymentPostprocessing = 0;
		};
		C77FE5481B46F2DD00F3F193 /* Sources */ = {
			isa = PBXSourcesBuildPhase;
			buildActionMask = 2147483647;
			files = (
				C77FE5531B46F2DD00F3F193 /* SmashtagTests.swift in Sources */,
			);
			runOnlyForDeploymentPostprocessing = 0;
		};
/* End PBXSourcesBuildPhase section */

/* Begin PBXTargetDependency section */
		C77FE54E1B46F2DD00F3F193 /* PBXTargetDependency */ = {
			isa = PBXTargetDependency;
			target = C77FE5361B46F2DD00F3F193 /* Smashtag */;
			targetProxy = C77FE54D1B46F2DD00F3F193 /* PBXContainerItemProxy */;
		};
/* End PBXTargetDependency section */

/* Begin PBXVariantGroup section */
		C77FE5401B46F2DD00F3F193 /* Main.storyboard */ = {
			isa = PBXVariantGroup;
			children = (
				C77FE5411B46F2DD00F3F193 /* Base */,
			);
			name = Main.storyboard;
			sourceTree = "<group>";
		};
		C77FE5451B46F2DD00F3F193 /* LaunchScreen.xib */ = {
			isa = PBXVariantGroup;
			children = (
				C77FE5461B46F2DD00F3F193 /* Base */,
			);
			name = LaunchScreen.xib;
			sourceTree = "<group>";
		};
/* End PBXVariantGroup section */

/* Begin XCBuildConfiguration section */
		C77FE5541B46F2DD00F3F193 /* Debug */ = {
			isa = XCBuildConfiguration;
			buildSettings = {
				ALWAYS_SEARCH_USER_PATHS = NO;
				CLANG_CXX_LANGUAGE_STANDARD = "gnu++0x";
				CLANG_CXX_LIBRARY = "libc++";
				CLANG_ENABLE_MODULES = YES;
				CLANG_ENABLE_OBJC_ARC = YES;
				CLANG_WARN_BOOL_CONVERSION = YES;
				CLANG_WARN_CONSTANT_CONVERSION = YES;
				CLANG_WARN_DIRECT_OBJC_ISA_USAGE = YES_ERROR;
				CLANG_WARN_EMPTY_BODY = YES;
				CLANG_WARN_ENUM_CONVERSION = YES;
				CLANG_WARN_INT_CONVERSION = YES;
				CLANG_WARN_OBJC_ROOT_CLASS = YES_ERROR;
				CLANG_WARN_UNREACHABLE_CODE = YES;
				CLANG_WARN__DUPLICATE_METHOD_MATCH = YES;
				"CODE_SIGN_IDENTITY[sdk=iphoneos*]" = "iPhone Developer";
				COPY_PHASE_STRIP = NO;
				DEBUG_INFORMATION_FORMAT = "dwarf-with-dsym";
				ENABLE_STRICT_OBJC_MSGSEND = YES;
				GCC_C_LANGUAGE_STANDARD = gnu99;
				GCC_DYNAMIC_NO_PIC = NO;
				GCC_NO_COMMON_BLOCKS = YES;
				GCC_OPTIMIZATION_LEVEL = 0;
				GCC_PREPROCESSOR_DEFINITIONS = (
					"DEBUG=1",
					"$(inherited)",
				);
				GCC_SYMBOLS_PRIVATE_EXTERN = NO;
				GCC_WARN_64_TO_32_BIT_CONVERSION = YES;
				GCC_WARN_ABOUT_RETURN_TYPE = YES_ERROR;
				GCC_WARN_UNDECLARED_SELECTOR = YES;
				GCC_WARN_UNINITIALIZED_AUTOS = YES_AGGRESSIVE;
				GCC_WARN_UNUSED_FUNCTION = YES;
				GCC_WARN_UNUSED_VARIABLE = YES;
				IPHONEOS_DEPLOYMENT_TARGET = 8.3;
				MTL_ENABLE_DEBUG_INFO = YES;
				ONLY_ACTIVE_ARCH = YES;
				SDKROOT = iphoneos;
				SWIFT_OPTIMIZATION_LEVEL = "-Onone";
				TARGETED_DEVICE_FAMILY = "1,2";
			};
			name = Debug;
		};
		C77FE5551B46F2DD00F3F193 /* Release */ = {
			isa = XCBuildConfiguration;
			buildSettings = {
				ALWAYS_SEARCH_USER_PATHS = NO;
				CLANG_CXX_LANGUAGE_STANDARD = "gnu++0x";
				CLANG_CXX_LIBRARY = "libc++";
				CLANG_ENABLE_MODULES = YES;
				CLANG_ENABLE_OBJC_ARC = YES;
				CLANG_WARN_BOOL_CONVERSION = YES;
				CLANG_WARN_CONSTANT_CONVERSION = YES;
				CLANG_WARN_DIRECT_OBJC_ISA_USAGE = YES_ERROR;
				CLANG_WARN_EMPTY_BODY = YES;
				CLANG_WARN_ENUM_CONVERSION = YES;
				CLANG_WARN_INT_CONVERSION = YES;
				CLANG_WARN_OBJC_ROOT_CLASS = YES_ERROR;
				CLANG_WARN_UNREACHABLE_CODE = YES;
				CLANG_WARN__DUPLICATE_METHOD_MATCH = YES;
				"CODE_SIGN_IDENTITY[sdk=iphoneos*]" = "iPhone Developer";
				COPY_PHASE_STRIP = NO;
				DEBUG_INFORMATION_FORMAT = "dwarf-with-dsym";
				ENABLE_NS_ASSERTIONS = NO;
				ENABLE_STRICT_OBJC_MSGSEND = YES;
				GCC_C_LANGUAGE_STANDARD = gnu99;
				GCC_NO_COMMON_BLOCKS = YES;
				GCC_WARN_64_TO_32_BIT_CONVERSION = YES;
				GCC_WARN_ABOUT_RETURN_TYPE = YES_ERROR;
				GCC_WARN_UNDECLARED_SELECTOR = YES;
				GCC_WARN_UNINITIALIZED_AUTOS = YES_AGGRESSIVE;
				GCC_WARN_UNUSED_FUNCTION = YES;
				GCC_WARN_UNUSED_VARIABLE = YES;
				IPHONEOS_DEPLOYMENT_TARGET = 8.3;
				MTL_ENABLE_DEBUG_INFO = NO;
				SDKROOT = iphoneos;
				TARGETED_DEVICE_FAMILY = "1,2";
				VALIDATE_PRODUCT = YES;
			};
			name = Release;
		};
		C77FE5571B46F2DD00F3F193 /* Debug */ = {
			isa = XCBuildConfiguration;
			buildSettings = {
				ASSETCATALOG_COMPILER_APPICON_NAME = AppIcon;
				INFOPLIST_FILE = Smashtag/Info.plist;
				LD_RUNPATH_SEARCH_PATHS = "$(inherited) @executable_path/Frameworks";
				PRODUCT_NAME = "$(TARGET_NAME)";
			};
			name = Debug;
		};
		C77FE5581B46F2DD00F3F193 /* Release */ = {
			isa = XCBuildConfiguration;
			buildSettings = {
				ASSETCATALOG_COMPILER_APPICON_NAME = AppIcon;
				INFOPLIST_FILE = Smashtag/Info.plist;
				LD_RUNPATH_SEARCH_PATHS = "$(inherited) @executable_path/Frameworks";
				PRODUCT_NAME = "$(TARGET_NAME)";
			};
			name = Release;
		};
		C77FE55A1B46F2DD00F3F193 /* Debug */ = {
			isa = XCBuildConfiguration;
			buildSettings = {
				BUNDLE_LOADER = "$(TEST_HOST)";
				FRAMEWORK_SEARCH_PATHS = (
					"$(SDKROOT)/Developer/Library/Frameworks",
					"$(inherited)",
				);
				GCC_PREPROCESSOR_DEFINITIONS = (
					"DEBUG=1",
					"$(inherited)",
				);
				INFOPLIST_FILE = SmashtagTests/Info.plist;
				LD_RUNPATH_SEARCH_PATHS = "$(inherited) @executable_path/Frameworks @loader_path/Frameworks";
				PRODUCT_NAME = "$(TARGET_NAME)";
				TEST_HOST = "$(BUILT_PRODUCTS_DIR)/Smashtag.app/Smashtag";
			};
			name = Debug;
		};
		C77FE55B1B46F2DD00F3F193 /* Release */ = {
			isa = XCBuildConfiguration;
			buildSettings = {
				BUNDLE_LOADER = "$(TEST_HOST)";
				FRAMEWORK_SEARCH_PATHS = (
					"$(SDKROOT)/Developer/Library/Frameworks",
					"$(inherited)",
				);
				INFOPLIST_FILE = SmashtagTests/Info.plist;
				LD_RUNPATH_SEARCH_PATHS = "$(inherited) @executable_path/Frameworks @loader_path/Frameworks";
				PRODUCT_NAME = "$(TARGET_NAME)";
				TEST_HOST = "$(BUILT_PRODUCTS_DIR)/Smashtag.app/Smashtag";
			};
			name = Release;
		};
/* End XCBuildConfiguration section */

/* Begin XCConfigurationList section */
		C77FE5321B46F2DD00F3F193 /* Build configuration list for PBXProject "Smashtag" */ = {
			isa = XCConfigurationList;
			buildConfigurations = (
				C77FE5541B46F2DD00F3F193 /* Debug */,
				C77FE5551B46F2DD00F3F193 /* Release */,
			);
			defaultConfigurationIsVisible = 0;
			defaultConfigurationName = Release;
		};
		C77FE5561B46F2DD00F3F193 /* Build configuration list for PBXNativeTarget "Smashtag" */ = {
			isa = XCConfigurationList;
			buildConfigurations = (
				C77FE5571B46F2DD00F3F193 /* Debug */,
				C77FE5581B46F2DD00F3F193 /* Release */,
			);
			defaultConfigurationIsVisible = 0;
			defaultConfigurationName = Release;
		};
		C77FE5591B46F2DD00F3F193 /* Build configuration list for PBXNativeTarget "SmashtagTests" */ = {
			isa = XCConfigurationList;
			buildConfigurations = (
				C77FE55A1B46F2DD00F3F193 /* Debug */,
				C77FE55B1B46F2DD00F3F193 /* Release */,
			);
			defaultConfigurationIsVisible = 0;
			defaultConfigurationName = Release;
		};
/* End XCConfigurationList section */
	};
	rootObject = C77FE52F1B46F2DD00F3F193 /* Project object */;
}
